{
  "name": "portfolio",
  "version": "1.0.0",
  "lockfileVersion": 3,
  "requires": true,
  "packages": {
    "": {
      "name": "portfolio",
      "version": "1.0.0",
      "license": "ISC",
      "dependencies": {
        "tota11y": "^0.1.6"
      }
    },
    "node_modules/tota11y": {
      "version": "0.1.6",
      "resolved": "https://registry.npmjs.org/tota11y/-/tota11y-0.1.6.tgz",
      "integrity": "sha512-wdwWo2bmADv92e8RMIwhE9x0t0KWwli3gNrKrhxwJABcmMuUo4ntq3giqLP1NZEcKprs/vSOnxKW1CABTZ1Tzg==",
      "deprecated": "Please use @khanacademy/tota11y",
      "license": "MIT"
    }
  }
}
